
Microsoft Visual Studio Solution File, Format Version 12.00
# Visual Studio 14
VisualStudioVersion = 14.0.25420.1
MinimumVisualStudioVersion = 10.0.40219.1
Project("{FAE04EC0-301F-11D3-BF4B-00C04F79EFBC}") = "1911191_Lab09", "1911191_Lab09\1911191_Lab09.csproj", "{783A844B-8D11-4FAC-B4B5-AE6C6447CC70}"
EndProject
Global
	GlobalSection(SolutionConfigurationPlatforms) = preSolution
		Debug|Any CPU = Debug|Any CPU
		Release|Any CPU = Release|Any CPU
	EndGlobalSection
	GlobalSection(ProjectConfigurationPlatforms) = postSolution
		{783A844B-8D11-4FAC-B4B5-AE6C6447CC70}.Debug|Any CPU.ActiveCfg = Debug|Any CPU
		{783A844B-8D11-4FAC-B4B5-AE6C6447CC70}.Debug|Any CPU.Build.0 = Debug|Any CPU
		{783A844B-8D11-4FAC-B4B5-AE6C6447CC70}.Release|Any CPU.ActiveCfg = Release|Any CPU
		{783A844B-8D11-4FAC-B4B5-AE6C6447CC70}.Release|Any CPU.Build.0 = Release|Any CPU
	EndGlobalSection
	GlobalSection(SolutionProperties) = preSolution
		HideSolutionNode = FALSE
	EndGlobalSection
EndGlobal
